
Microsoft Visual Studio Solution File, Format Version 12.00
# Visual Studio 15
Project("{FAE04EC0-301F-11D3-BF4B-00C04F79EFBC}") = "FourthDown.Api", "src\FourthDown.Api\FourthDown.Api.csproj", "{6177E492-9378-4541-9D3D-17808AB00B48}"
EndProject
Project("{FAE04EC0-301F-11D3-BF4B-00C04F79EFBC}") = "FourthDown.Api.Tests", "src\FourthDown.Api.Tests\FourthDown.Api.Tests.csproj", "{E897B2F3-1427-441B-98E2-0AE2980C2197}"
EndProject
Project("{FAE04EC0-301F-11D3-BF4B-00C04F79EFBC}") = "FourthDown.Database", "src\FourthDown.Database\FourthDown.Database.csproj", "{4D5703D5-38B0-40F9-AD8E-A154E9C517EB}"
EndProject
Project("{FAE04EC0-301F-11D3-BF4B-00C04F79EFBC}") = "FourthDown.Collector", "src\FourthDown.Collector\FourthDown.Collector.csproj", "{F6541783-74A0-41D8-B3FB-04F03F23D49A}"
EndProject
Project("{FAE04EC0-301F-11D3-BF4B-00C04F79EFBC}") = "FourthDown.Shared", "src\FourthDown.Shared\FourthDown.Shared.csproj", "{8C6E1CE1-92DC-4FD4-A0D3-8602C70F0609}"
EndProject
Global
	GlobalSection(SolutionConfigurationPlatforms) = preSolution
		Debug|Any CPU = Debug|Any CPU
		Release|Any CPU = Release|Any CPU
	EndGlobalSection
	GlobalSection(ProjectConfigurationPlatforms) = postSolution
		{6177E492-9378-4541-9D3D-17808AB00B48}.Debug|Any CPU.ActiveCfg = Debug|Any CPU
		{6177E492-9378-4541-9D3D-17808AB00B48}.Debug|Any CPU.Build.0 = Debug|Any CPU
		{6177E492-9378-4541-9D3D-17808AB00B48}.Release|Any CPU.ActiveCfg = Release|Any CPU
		{6177E492-9378-4541-9D3D-17808AB00B48}.Release|Any CPU.Build.0 = Release|Any CPU
		{E897B2F3-1427-441B-98E2-0AE2980C2197}.Debug|Any CPU.ActiveCfg = Debug|Any CPU
		{E897B2F3-1427-441B-98E2-0AE2980C2197}.Debug|Any CPU.Build.0 = Debug|Any CPU
		{E897B2F3-1427-441B-98E2-0AE2980C2197}.Release|Any CPU.ActiveCfg = Release|Any CPU
		{E897B2F3-1427-441B-98E2-0AE2980C2197}.Release|Any CPU.Build.0 = Release|Any CPU
		{4D5703D5-38B0-40F9-AD8E-A154E9C517EB}.Debug|Any CPU.ActiveCfg = Debug|Any CPU
		{4D5703D5-38B0-40F9-AD8E-A154E9C517EB}.Debug|Any CPU.Build.0 = Debug|Any CPU
		{4D5703D5-38B0-40F9-AD8E-A154E9C517EB}.Release|Any CPU.ActiveCfg = Release|Any CPU
		{4D5703D5-38B0-40F9-AD8E-A154E9C517EB}.Release|Any CPU.Build.0 = Release|Any CPU
		{F6541783-74A0-41D8-B3FB-04F03F23D49A}.Debug|Any CPU.ActiveCfg = Debug|Any CPU
		{F6541783-74A0-41D8-B3FB-04F03F23D49A}.Debug|Any CPU.Build.0 = Debug|Any CPU
		{F6541783-74A0-41D8-B3FB-04F03F23D49A}.Release|Any CPU.ActiveCfg = Release|Any CPU
		{F6541783-74A0-41D8-B3FB-04F03F23D49A}.Release|Any CPU.Build.0 = Release|Any CPU
		{8C6E1CE1-92DC-4FD4-A0D3-8602C70F0609}.Debug|Any CPU.ActiveCfg = Debug|Any CPU
		{8C6E1CE1-92DC-4FD4-A0D3-8602C70F0609}.Debug|Any CPU.Build.0 = Debug|Any CPU
		{8C6E1CE1-92DC-4FD4-A0D3-8602C70F0609}.Release|Any CPU.ActiveCfg = Release|Any CPU
		{8C6E1CE1-92DC-4FD4-A0D3-8602C70F0609}.Release|Any CPU.Build.0 = Release|Any CPU
	EndGlobalSection
EndGlobal
